// !$*UTF8*$!
{
	archiveVersion = 1;
	classes = {
	};
	objectVersion = 55;
	objects = {

/* Begin PBXBuildFile section */
		EC8B35EF2896B51E00F01FD1 /* AppDelegate.swift in Sources */ = {isa = PBXBuildFile; fileRef = EC8B35EE2896B51E00F01FD1 /* AppDelegate.swift */; };
		EC8B35F12896B51E00F01FD1 /* SceneDelegate.swift in Sources */ = {isa = PBXBuildFile; fileRef = EC8B35F02896B51E00F01FD1 /* SceneDelegate.swift */; };
		EC8B35F32896B51E00F01FD1 /* GistListViewController.swift in Sources */ = {isa = PBXBuildFile; fileRef = EC8B35F22896B51E00F01FD1 /* GistListViewController.swift */; };
		EC8B35F82896B52200F01FD1 /* Assets.xcassets in Resources */ = {isa = PBXBuildFile; fileRef = EC8B35F72896B52200F01FD1 /* Assets.xcassets */; };
		EC8B35FB2896B52200F01FD1 /* LaunchScreen.storyboard in Resources */ = {isa = PBXBuildFile; fileRef = EC8B35F92896B52200F01FD1 /* LaunchScreen.storyboard */; };
		EC8B36032897EB0900F01FD1 /* GistListItemCollectionViewCell.swift in Sources */ = {isa = PBXBuildFile; fileRef = EC8B36022897EB0900F01FD1 /* GistListItemCollectionViewCell.swift */; };
		EC8B36082897EB9400F01FD1 /* Gist.swift in Sources */ = {isa = PBXBuildFile; fileRef = EC8B36072897EB9400F01FD1 /* Gist.swift */; };
		EC8B360A2897EC5500F01FD1 /* EmptyCollectionViewCell.swift in Sources */ = {isa = PBXBuildFile; fileRef = EC8B36092897EC5500F01FD1 /* EmptyCollectionViewCell.swift */; };
		EC8B360D2897ED3000F01FD1 /* SnapKit in Frameworks */ = {isa = PBXBuildFile; productRef = EC8B360C2897ED3000F01FD1 /* SnapKit */; };
		EC8B360F2898198900F01FD1 /* GistListItem.swift in Sources */ = {isa = PBXBuildFile; fileRef = EC8B360E2898198900F01FD1 /* GistListItem.swift */; };
		EC8B361228981CFE00F01FD1 /* Nuke in Frameworks */ = {isa = PBXBuildFile; productRef = EC8B361128981CFE00F01FD1 /* Nuke */; };
		EC8B361428981D1F00F01FD1 /* UIImageView+Nuke.swift in Sources */ = {isa = PBXBuildFile; fileRef = EC8B361328981D1F00F01FD1 /* UIImageView+Nuke.swift */; };
		EC8B36162898263700F01FD1 /* NetworkService.swift in Sources */ = {isa = PBXBuildFile; fileRef = EC8B36152898263700F01FD1 /* NetworkService.swift */; };
		EC8B361828982C7400F01FD1 /* GistListPresenter.swift in Sources */ = {isa = PBXBuildFile; fileRef = EC8B361728982C7400F01FD1 /* GistListPresenter.swift */; };
		EC8B361A2898348A00F01FD1 /* ListDataState.swift in Sources */ = {isa = PBXBuildFile; fileRef = EC8B36192898348A00F01FD1 /* ListDataState.swift */; };
		EC8B362128992DC100F01FD1 /* URL+StaticString.swift in Sources */ = {isa = PBXBuildFile; fileRef = EC8B362028992DC100F01FD1 /* URL+StaticString.swift */; };
		EC8B36242899363F00F01FD1 /* GistCardViewController.swift in Sources */ = {isa = PBXBuildFile; fileRef = EC8B36232899363F00F01FD1 /* GistCardViewController.swift */; };
		EC8B362628993CD400F01FD1 /* FileListItem.swift in Sources */ = {isa = PBXBuildFile; fileRef = EC8B362528993CD400F01FD1 /* FileListItem.swift */; };
		EC8B362A28993D8400F01FD1 /* FileCollectionViewCell.swift in Sources */ = {isa = PBXBuildFile; fileRef = EC8B362928993D8400F01FD1 /* FileCollectionViewCell.swift */; };
		EC8B362C28993EE800F01FD1 /* GistCardPresenter.swift in Sources */ = {isa = PBXBuildFile; fileRef = EC8B362B28993EE800F01FD1 /* GistCardPresenter.swift */; };
		EC8B362F28997D4100F01FD1 /* Constants.swift in Sources */ = {isa = PBXBuildFile; fileRef = EC8B362E28997D4100F01FD1 /* Constants.swift */; };
		EC8B3631289AAF5B00F01FD1 /* RefreshFooterView.swift in Sources */ = {isa = PBXBuildFile; fileRef = EC8B3630289AAF5B00F01FD1 /* RefreshFooterView.swift */; };
		EC8B3633289BC8DE00F01FD1 /* GistListInteractor.swift in Sources */ = {isa = PBXBuildFile; fileRef = EC8B3632289BC8DD00F01FD1 /* GistListInteractor.swift */; };
		EC8B3635289BD3C600F01FD1 /* GistListAssembly.swift in Sources */ = {isa = PBXBuildFile; fileRef = EC8B3634289BD3C600F01FD1 /* GistListAssembly.swift */; };
/* End PBXBuildFile section */

/* Begin PBXFileReference section */
		EC8B35EB2896B51E00F01FD1 /* GistClient.app */ = {isa = PBXFileReference; explicitFileType = wrapper.application; includeInIndex = 0; path = GistClient.app; sourceTree = BUILT_PRODUCTS_DIR; };
		EC8B35EE2896B51E00F01FD1 /* AppDelegate.swift */ = {isa = PBXFileReference; lastKnownFileType = sourcecode.swift; path = AppDelegate.swift; sourceTree = "<group>"; };
		EC8B35F02896B51E00F01FD1 /* SceneDelegate.swift */ = {isa = PBXFileReference; lastKnownFileType = sourcecode.swift; path = SceneDelegate.swift; sourceTree = "<group>"; };
		EC8B35F22896B51E00F01FD1 /* GistListViewController.swift */ = {isa = PBXFileReference; lastKnownFileType = sourcecode.swift; path = GistListViewController.swift; sourceTree = "<group>"; };
		EC8B35F72896B52200F01FD1 /* Assets.xcassets */ = {isa = PBXFileReference; lastKnownFileType = folder.assetcatalog; path = Assets.xcassets; sourceTree = "<group>"; };
		EC8B35FA2896B52200F01FD1 /* Base */ = {isa = PBXFileReference; lastKnownFileType = file.storyboard; name = Base; path = Base.lproj/LaunchScreen.storyboard; sourceTree = "<group>"; };
		EC8B35FC2896B52200F01FD1 /* Info.plist */ = {isa = PBXFileReference; lastKnownFileType = text.plist.xml; path = Info.plist; sourceTree = "<group>"; };
		EC8B36022897EB0900F01FD1 /* GistListItemCollectionViewCell.swift */ = {isa = PBXFileReference; lastKnownFileType = sourcecode.swift; path = GistListItemCollectionViewCell.swift; sourceTree = "<group>"; };
		EC8B36072897EB9400F01FD1 /* Gist.swift */ = {isa = PBXFileReference; lastKnownFileType = sourcecode.swift; path = Gist.swift; sourceTree = "<group>"; };
		EC8B36092897EC5500F01FD1 /* EmptyCollectionViewCell.swift */ = {isa = PBXFileReference; lastKnownFileType = sourcecode.swift; path = EmptyCollectionViewCell.swift; sourceTree = "<group>"; };
		EC8B360E2898198900F01FD1 /* GistListItem.swift */ = {isa = PBXFileReference; lastKnownFileType = sourcecode.swift; path = GistListItem.swift; sourceTree = "<group>"; };
		EC8B361328981D1F00F01FD1 /* UIImageView+Nuke.swift */ = {isa = PBXFileReference; lastKnownFileType = sourcecode.swift; path = "UIImageView+Nuke.swift"; sourceTree = "<group>"; };
		EC8B36152898263700F01FD1 /* NetworkService.swift */ = {isa = PBXFileReference; lastKnownFileType = sourcecode.swift; path = NetworkService.swift; sourceTree = "<group>"; };
		EC8B361728982C7400F01FD1 /* GistListPresenter.swift */ = {isa = PBXFileReference; lastKnownFileType = sourcecode.swift; path = GistListPresenter.swift; sourceTree = "<group>"; };
		EC8B36192898348A00F01FD1 /* ListDataState.swift */ = {isa = PBXFileReference; lastKnownFileType = sourcecode.swift; path = ListDataState.swift; sourceTree = "<group>"; };
		EC8B362028992DC100F01FD1 /* URL+StaticString.swift */ = {isa = PBXFileReference; lastKnownFileType = sourcecode.swift; path = "URL+StaticString.swift"; sourceTree = "<group>"; };
		EC8B36232899363F00F01FD1 /* GistCardViewController.swift */ = {isa = PBXFileReference; lastKnownFileType = sourcecode.swift; path = GistCardViewController.swift; sourceTree = "<group>"; };
		EC8B362528993CD400F01FD1 /* FileListItem.swift */ = {isa = PBXFileReference; lastKnownFileType = sourcecode.swift; path = FileListItem.swift; sourceTree = "<group>"; };
		EC8B362928993D8400F01FD1 /* FileCollectionViewCell.swift */ = {isa = PBXFileReference; lastKnownFileType = sourcecode.swift; path = FileCollectionViewCell.swift; sourceTree = "<group>"; };
		EC8B362B28993EE800F01FD1 /* GistCardPresenter.swift */ = {isa = PBXFileReference; lastKnownFileType = sourcecode.swift; path = GistCardPresenter.swift; sourceTree = "<group>"; };
		EC8B362E28997D4100F01FD1 /* Constants.swift */ = {isa = PBXFileReference; lastKnownFileType = sourcecode.swift; path = Constants.swift; sourceTree = "<group>"; };
		EC8B3630289AAF5B00F01FD1 /* RefreshFooterView.swift */ = {isa = PBXFileReference; lastKnownFileType = sourcecode.swift; path = RefreshFooterView.swift; sourceTree = "<group>"; };
		EC8B3632289BC8DD00F01FD1 /* GistListInteractor.swift */ = {isa = PBXFileReference; lastKnownFileType = sourcecode.swift; path = GistListInteractor.swift; sourceTree = "<group>"; };
		EC8B3634289BD3C600F01FD1 /* GistListAssembly.swift */ = {isa = PBXFileReference; lastKnownFileType = sourcecode.swift; path = GistListAssembly.swift; sourceTree = "<group>"; };
/* End PBXFileReference section */

/* Begin PBXFrameworksBuildPhase section */
		EC8B35E82896B51E00F01FD1 /* Frameworks */ = {
			isa = PBXFrameworksBuildPhase;
			buildActionMask = 2147483647;
			files = (
				EC8B360D2897ED3000F01FD1 /* SnapKit in Frameworks */,
				EC8B361228981CFE00F01FD1 /* Nuke in Frameworks */,
			);
			runOnlyForDeploymentPostprocessing = 0;
		};
/* End PBXFrameworksBuildPhase section */

/* Begin PBXGroup section */
		EC8B35E22896B51E00F01FD1 = {
			isa = PBXGroup;
			children = (
				EC8B35ED2896B51E00F01FD1 /* GistClient */,
				EC8B35EC2896B51E00F01FD1 /* Products */,
			);
			sourceTree = "<group>";
		};
		EC8B35EC2896B51E00F01FD1 /* Products */ = {
			isa = PBXGroup;
			children = (
				EC8B35EB2896B51E00F01FD1 /* GistClient.app */,
			);
			name = Products;
			sourceTree = "<group>";
		};
		EC8B35ED2896B51E00F01FD1 /* GistClient */ = {
			isa = PBXGroup;
			children = (
				EC8B35EE2896B51E00F01FD1 /* AppDelegate.swift */,
				EC8B35F02896B51E00F01FD1 /* SceneDelegate.swift */,
				EC8B361D2899297400F01FD1 /* Extentions */,
				EC8B36222899361E00F01FD1 /* GistCard */,
				EC8B36042897EB5F00F01FD1 /* GistList */,
				EC8B362D2899767D00F01FD1 /* Services */,
				EC8B361F28992C9100F01FD1 /* SupportingFiles */,
			);
			path = GistClient;
			sourceTree = "<group>";
		};
		EC8B36042897EB5F00F01FD1 /* GistList */ = {
			isa = PBXGroup;
			children = (
				EC8B36062897EB8900F01FD1 /* Models */,
				EC8B36052897EB7F00F01FD1 /* Cells */,
				EC8B35F22896B51E00F01FD1 /* GistListViewController.swift */,
				EC8B361728982C7400F01FD1 /* GistListPresenter.swift */,
				EC8B3632289BC8DD00F01FD1 /* GistListInteractor.swift */,
				EC8B3634289BD3C600F01FD1 /* GistListAssembly.swift */,
			);
			path = GistList;
			sourceTree = "<group>";
		};
		EC8B36052897EB7F00F01FD1 /* Cells */ = {
			isa = PBXGroup;
			children = (
				EC8B36022897EB0900F01FD1 /* GistListItemCollectionViewCell.swift */,
				EC8B36092897EC5500F01FD1 /* EmptyCollectionViewCell.swift */,
				EC8B3630289AAF5B00F01FD1 /* RefreshFooterView.swift */,
			);
			path = Cells;
			sourceTree = "<group>";
		};
		EC8B36062897EB8900F01FD1 /* Models */ = {
			isa = PBXGroup;
			children = (
				EC8B36072897EB9400F01FD1 /* Gist.swift */,
				EC8B360E2898198900F01FD1 /* GistListItem.swift */,
				EC8B36192898348A00F01FD1 /* ListDataState.swift */,
			);
			path = Models;
			sourceTree = "<group>";
		};
		EC8B361D2899297400F01FD1 /* Extentions */ = {
			isa = PBXGroup;
			children = (
				EC8B361328981D1F00F01FD1 /* UIImageView+Nuke.swift */,
				EC8B362028992DC100F01FD1 /* URL+StaticString.swift */,
			);
			path = Extentions;
			sourceTree = "<group>";
		};
		EC8B361E28992C1C00F01FD1 /* NetworkService */ = {
			isa = PBXGroup;
			children = (
				EC8B36152898263700F01FD1 /* NetworkService.swift */,
			);
			path = NetworkService;
			sourceTree = "<group>";
		};
		EC8B361F28992C9100F01FD1 /* SupportingFiles */ = {
			isa = PBXGroup;
			children = (
				EC8B35F72896B52200F01FD1 /* Assets.xcassets */,
				EC8B35F92896B52200F01FD1 /* LaunchScreen.storyboard */,
				EC8B35FC2896B52200F01FD1 /* Info.plist */,
				EC8B362E28997D4100F01FD1 /* Constants.swift */,
			);
			path = SupportingFiles;
			sourceTree = "<group>";
		};
		EC8B36222899361E00F01FD1 /* GistCard */ = {
			isa = PBXGroup;
			children = (
				EC8B362828993D6200F01FD1 /* Cells */,
				EC8B362728993CD700F01FD1 /* Models */,
				EC8B36232899363F00F01FD1 /* GistCardViewController.swift */,
				EC8B362B28993EE800F01FD1 /* GistCardPresenter.swift */,
			);
			path = GistCard;
			sourceTree = "<group>";
		};
		EC8B362728993CD700F01FD1 /* Models */ = {
			isa = PBXGroup;
			children = (
				EC8B362528993CD400F01FD1 /* FileListItem.swift */,
			);
			path = Models;
			sourceTree = "<group>";
		};
		EC8B362828993D6200F01FD1 /* Cells */ = {
			isa = PBXGroup;
			children = (
				EC8B362928993D8400F01FD1 /* FileCollectionViewCell.swift */,
			);
			path = Cells;
			sourceTree = "<group>";
		};
		EC8B362D2899767D00F01FD1 /* Services */ = {
			isa = PBXGroup;
			children = (
				EC8B361E28992C1C00F01FD1 /* NetworkService */,
			);
			path = Services;
			sourceTree = "<group>";
		};
/* End PBXGroup section */

/* Begin PBXNativeTarget section */
		EC8B35EA2896B51E00F01FD1 /* GistClient */ = {
			isa = PBXNativeTarget;
			buildConfigurationList = EC8B35FF2896B52200F01FD1 /* Build configuration list for PBXNativeTarget "GistClient" */;
			buildPhases = (
				EC8B35E72896B51E00F01FD1 /* Sources */,
				EC8B35E82896B51E00F01FD1 /* Frameworks */,
				EC8B35E92896B51E00F01FD1 /* Resources */,
			);
			buildRules = (
			);
			dependencies = (
			);
			name = GistClient;
			packageProductDependencies = (
				EC8B360C2897ED3000F01FD1 /* SnapKit */,
				EC8B361128981CFE00F01FD1 /* Nuke */,
			);
			productName = NNN;
			productReference = EC8B35EB2896B51E00F01FD1 /* GistClient.app */;
			productType = "com.apple.product-type.application";
		};
/* End PBXNativeTarget section */

/* Begin PBXProject section */
		EC8B35E32896B51E00F01FD1 /* Project object */ = {
			isa = PBXProject;
			attributes = {
				BuildIndependentTargetsInParallel = 1;
				LastSwiftUpdateCheck = 1340;
				LastUpgradeCheck = 1340;
				TargetAttributes = {
					EC8B35EA2896B51E00F01FD1 = {
						CreatedOnToolsVersion = 13.4.1;
					};
				};
			};
			buildConfigurationList = EC8B35E62896B51E00F01FD1 /* Build configuration list for PBXProject "GistClient" */;
			compatibilityVersion = "Xcode 13.0";
			developmentRegion = en;
			hasScannedForEncodings = 0;
			knownRegions = (
				en,
				Base,
			);
			mainGroup = EC8B35E22896B51E00F01FD1;
			packageReferences = (
				EC8B360B2897ED3000F01FD1 /* XCRemoteSwiftPackageReference "SnapKit" */,
				EC8B361028981CFE00F01FD1 /* XCRemoteSwiftPackageReference "Nuke" */,
			);
			productRefGroup = EC8B35EC2896B51E00F01FD1 /* Products */;
			projectDirPath = "";
			projectRoot = "";
			targets = (
				EC8B35EA2896B51E00F01FD1 /* GistClient */,
			);
		};
/* End PBXProject section */

/* Begin PBXResourcesBuildPhase section */
		EC8B35E92896B51E00F01FD1 /* Resources */ = {
			isa = PBXResourcesBuildPhase;
			buildActionMask = 2147483647;
			files = (
				EC8B35FB2896B52200F01FD1 /* LaunchScreen.storyboard in Resources */,
				EC8B35F82896B52200F01FD1 /* Assets.xcassets in Resources */,
			);
			runOnlyForDeploymentPostprocessing = 0;
		};
/* End PBXResourcesBuildPhase section */

/* Begin PBXSourcesBuildPhase section */
		EC8B35E72896B51E00F01FD1 /* Sources */ = {
			isa = PBXSourcesBuildPhase;
			buildActionMask = 2147483647;
			files = (
				EC8B361A2898348A00F01FD1 /* ListDataState.swift in Sources */,
				EC8B362F28997D4100F01FD1 /* Constants.swift in Sources */,
				EC8B360F2898198900F01FD1 /* GistListItem.swift in Sources */,
				EC8B36082897EB9400F01FD1 /* Gist.swift in Sources */,
				EC8B36032897EB0900F01FD1 /* GistListItemCollectionViewCell.swift in Sources */,
				EC8B361428981D1F00F01FD1 /* UIImageView+Nuke.swift in Sources */,
				EC8B36162898263700F01FD1 /* NetworkService.swift in Sources */,
				EC8B35F32896B51E00F01FD1 /* GistListViewController.swift in Sources */,
				EC8B362A28993D8400F01FD1 /* FileCollectionViewCell.swift in Sources */,
				EC8B35EF2896B51E00F01FD1 /* AppDelegate.swift in Sources */,
				EC8B35F12896B51E00F01FD1 /* SceneDelegate.swift in Sources */,
				EC8B360A2897EC5500F01FD1 /* EmptyCollectionViewCell.swift in Sources */,
				EC8B362C28993EE800F01FD1 /* GistCardPresenter.swift in Sources */,
				EC8B36242899363F00F01FD1 /* GistCardViewController.swift in Sources */,
				EC8B362128992DC100F01FD1 /* URL+StaticString.swift in Sources */,
				EC8B3633289BC8DE00F01FD1 /* GistListInteractor.swift in Sources */,
				EC8B3631289AAF5B00F01FD1 /* RefreshFooterView.swift in Sources */,
				EC8B362628993CD400F01FD1 /* FileListItem.swift in Sources */,
				EC8B361828982C7400F01FD1 /* GistListPresenter.swift in Sources */,
				EC8B3635289BD3C600F01FD1 /* GistListAssembly.swift in Sources */,
			);
			runOnlyForDeploymentPostprocessing = 0;
		};
/* End PBXSourcesBuildPhase section */

/* Begin PBXVariantGroup section */
		EC8B35F92896B52200F01FD1 /* LaunchScreen.storyboard */ = {
			isa = PBXVariantGroup;
			children = (
				EC8B35FA2896B52200F01FD1 /* Base */,
			);
			name = LaunchScreen.storyboard;
			sourceTree = "<group>";
		};
/* End PBXVariantGroup section */

/* Begin XCBuildConfiguration section */
		EC8B35FD2896B52200F01FD1 /* Debug */ = {
			isa = XCBuildConfiguration;
			buildSettings = {
				ALWAYS_SEARCH_USER_PATHS = NO;
				CLANG_ANALYZER_NONNULL = YES;
				CLANG_ANALYZER_NUMBER_OBJECT_CONVERSION = YES_AGGRESSIVE;
				CLANG_CXX_LANGUAGE_STANDARD = "gnu++17";
				CLANG_ENABLE_MODULES = YES;
				CLANG_ENABLE_OBJC_ARC = YES;
				CLANG_ENABLE_OBJC_WEAK = YES;
				CLANG_WARN_BLOCK_CAPTURE_AUTORELEASING = YES;
				CLANG_WARN_BOOL_CONVERSION = YES;
				CLANG_WARN_COMMA = YES;
				CLANG_WARN_CONSTANT_CONVERSION = YES;
				CLANG_WARN_DEPRECATED_OBJC_IMPLEMENTATIONS = YES;
				CLANG_WARN_DIRECT_OBJC_ISA_USAGE = YES_ERROR;
				CLANG_WARN_DOCUMENTATION_COMMENTS = YES;
				CLANG_WARN_EMPTY_BODY = YES;
				CLANG_WARN_ENUM_CONVERSION = YES;
				CLANG_WARN_INFINITE_RECURSION = YES;
				CLANG_WARN_INT_CONVERSION = YES;
				CLANG_WARN_NON_LITERAL_NULL_CONVERSION = YES;
				CLANG_WARN_OBJC_IMPLICIT_RETAIN_SELF = YES;
				CLANG_WARN_OBJC_LITERAL_CONVERSION = YES;
				CLANG_WARN_OBJC_ROOT_CLASS = YES_ERROR;
				CLANG_WARN_QUOTED_INCLUDE_IN_FRAMEWORK_HEADER = YES;
				CLANG_WARN_RANGE_LOOP_ANALYSIS = YES;
				CLANG_WARN_STRICT_PROTOTYPES = YES;
				CLANG_WARN_SUSPICIOUS_MOVE = YES;
				CLANG_WARN_UNGUARDED_AVAILABILITY = YES_AGGRESSIVE;
				CLANG_WARN_UNREACHABLE_CODE = YES;
				CLANG_WARN__DUPLICATE_METHOD_MATCH = YES;
				COPY_PHASE_STRIP = NO;
				DEBUG_INFORMATION_FORMAT = dwarf;
				ENABLE_STRICT_OBJC_MSGSEND = YES;
				ENABLE_TESTABILITY = YES;
				GCC_C_LANGUAGE_STANDARD = gnu11;
				GCC_DYNAMIC_NO_PIC = NO;
				GCC_NO_COMMON_BLOCKS = YES;
				GCC_OPTIMIZATION_LEVEL = 0;
				GCC_PREPROCESSOR_DEFINITIONS = (
					"DEBUG=1",
					"$(inherited)",
				);
				GCC_WARN_64_TO_32_BIT_CONVERSION = YES;
				GCC_WARN_ABOUT_RETURN_TYPE = YES_ERROR;
				GCC_WARN_UNDECLARED_SELECTOR = YES;
				GCC_WARN_UNINITIALIZED_AUTOS = YES_AGGRESSIVE;
				GCC_WARN_UNUSED_FUNCTION = YES;
				GCC_WARN_UNUSED_VARIABLE = YES;
				IPHONEOS_DEPLOYMENT_TARGET = 15.5;
				MTL_ENABLE_DEBUG_INFO = INCLUDE_SOURCE;
				MTL_FAST_MATH = YES;
				ONLY_ACTIVE_ARCH = YES;
				SDKROOT = iphoneos;
				SWIFT_ACTIVE_COMPILATION_CONDITIONS = DEBUG;
				SWIFT_OPTIMIZATION_LEVEL = "-Onone";
			};
			name = Debug;
		};
		EC8B35FE2896B52200F01FD1 /* Release */ = {
			isa = XCBuildConfiguration;
			buildSettings = {
				ALWAYS_SEARCH_USER_PATHS = NO;
				CLANG_ANALYZER_NONNULL = YES;
				CLANG_ANALYZER_NUMBER_OBJECT_CONVERSION = YES_AGGRESSIVE;
				CLANG_CXX_LANGUAGE_STANDARD = "gnu++17";
				CLANG_ENABLE_MODULES = YES;
				CLANG_ENABLE_OBJC_ARC = YES;
				CLANG_ENABLE_OBJC_WEAK = YES;
				CLANG_WARN_BLOCK_CAPTURE_AUTORELEASING = YES;
				CLANG_WARN_BOOL_CONVERSION = YES;
				CLANG_WARN_COMMA = YES;
				CLANG_WARN_CONSTANT_CONVERSION = YES;
				CLANG_WARN_DEPRECATED_OBJC_IMPLEMENTATIONS = YES;
				CLANG_WARN_DIRECT_OBJC_ISA_USAGE = YES_ERROR;
				CLANG_WARN_DOCUMENTATION_COMMENTS = YES;
				CLANG_WARN_EMPTY_BODY = YES;
				CLANG_WARN_ENUM_CONVERSION = YES;
				CLANG_WARN_INFINITE_RECURSION = YES;
				CLANG_WARN_INT_CONVERSION = YES;
				CLANG_WARN_NON_LITERAL_NULL_CONVERSION = YES;
				CLANG_WARN_OBJC_IMPLICIT_RETAIN_SELF = YES;
				CLANG_WARN_OBJC_LITERAL_CONVERSION = YES;
				CLANG_WARN_OBJC_ROOT_CLASS = YES_ERROR;
				CLANG_WARN_QUOTED_INCLUDE_IN_FRAMEWORK_HEADER = YES;
				CLANG_WARN_RANGE_LOOP_ANALYSIS = YES;
				CLANG_WARN_STRICT_PROTOTYPES = YES;
				CLANG_WARN_SUSPICIOUS_MOVE = YES;
				CLANG_WARN_UNGUARDED_AVAILABILITY = YES_AGGRESSIVE;
				CLANG_WARN_UNREACHABLE_CODE = YES;
				CLANG_WARN__DUPLICATE_METHOD_MATCH = YES;
				COPY_PHASE_STRIP = NO;
				DEBUG_INFORMATION_FORMAT = "dwarf-with-dsym";
				ENABLE_NS_ASSERTIONS = NO;
				ENABLE_STRICT_OBJC_MSGSEND = YES;
				GCC_C_LANGUAGE_STANDARD = gnu11;
				GCC_NO_COMMON_BLOCKS = YES;
				GCC_WARN_64_TO_32_BIT_CONVERSION = YES;
				GCC_WARN_ABOUT_RETURN_TYPE = YES_ERROR;
				GCC_WARN_UNDECLARED_SELECTOR = YES;
				GCC_WARN_UNINITIALIZED_AUTOS = YES_AGGRESSIVE;
				GCC_WARN_UNUSED_FUNCTION = YES;
				GCC_WARN_UNUSED_VARIABLE = YES;
				IPHONEOS_DEPLOYMENT_TARGET = 15.5;
				MTL_ENABLE_DEBUG_INFO = NO;
				MTL_FAST_MATH = YES;
				SDKROOT = iphoneos;
				SWIFT_COMPILATION_MODE = wholemodule;
				SWIFT_OPTIMIZATION_LEVEL = "-O";
				VALIDATE_PRODUCT = YES;
			};
			name = Release;
		};
		EC8B36002896B52200F01FD1 /* Debug */ = {
			isa = XCBuildConfiguration;
			buildSettings = {
				ASSETCATALOG_COMPILER_APPICON_NAME = AppIcon;
				ASSETCATALOG_COMPILER_GLOBAL_ACCENT_COLOR_NAME = AccentColor;
				CODE_SIGN_STYLE = Automatic;
				CURRENT_PROJECT_VERSION = 1;
				DEVELOPMENT_TEAM = 38J7L5W27W;
				GENERATE_INFOPLIST_FILE = YES;
				INFOPLIST_FILE = GistClient/SupportingFiles/Info.plist;
				INFOPLIST_KEY_CFBundleDisplayName = GistClient;
				INFOPLIST_KEY_UIApplicationSupportsIndirectInputEvents = YES;
				INFOPLIST_KEY_UILaunchStoryboardName = LaunchScreen;
				INFOPLIST_KEY_UISupportedInterfaceOrientations = UIInterfaceOrientationPortrait;
				INFOPLIST_KEY_UISupportedInterfaceOrientations_iPad = "UIInterfaceOrientationPortrait UIInterfaceOrientationPortraitUpsideDown UIInterfaceOrientationLandscapeLeft UIInterfaceOrientationLandscapeRight";
				INFOPLIST_KEY_UISupportedInterfaceOrientations_iPhone = "UIInterfaceOrientationPortrait UIInterfaceOrientationLandscapeLeft UIInterfaceOrientationLandscapeRight";
				IPHONEOS_DEPLOYMENT_TARGET = 15.0;
				LD_RUNPATH_SEARCH_PATHS = (
					"$(inherited)",
					"@executable_path/Frameworks",
				);
				MARKETING_VERSION = 1.0;
				PRODUCT_BUNDLE_IDENTIFIER = com.herringbone.gistClient;
				PRODUCT_NAME = "$(TARGET_NAME)";
				SWIFT_EMIT_LOC_STRINGS = YES;
				SWIFT_VERSION = 5.0;
				TARGETED_DEVICE_FAMILY = 1;
			};
			name = Debug;
		};
		EC8B36012896B52200F01FD1 /* Release */ = {
			isa = XCBuildConfiguration;
			buildSettings = {
				ASSETCATALOG_COMPILER_APPICON_NAME = AppIcon;
				ASSETCATALOG_COMPILER_GLOBAL_ACCENT_COLOR_NAME = AccentColor;
				CODE_SIGN_STYLE = Automatic;
				CURRENT_PROJECT_VERSION = 1;
				DEVELOPMENT_TEAM = 38J7L5W27W;
				GENERATE_INFOPLIST_FILE = YES;
				INFOPLIST_FILE = GistClient/SupportingFiles/Info.plist;
				INFOPLIST_KEY_CFBundleDisplayName = GistClient;
				INFOPLIST_KEY_UIApplicationSupportsIndirectInputEvents = YES;
				INFOPLIST_KEY_UILaunchStoryboardName = LaunchScreen;
				INFOPLIST_KEY_UISupportedInterfaceOrientations = UIInterfaceOrientationPortrait;
				INFOPLIST_KEY_UISupportedInterfaceOrientations_iPad = "UIInterfaceOrientationPortrait UIInterfaceOrientationPortraitUpsideDown UIInterfaceOrientationLandscapeLeft UIInterfaceOrientationLandscapeRight";
				INFOPLIST_KEY_UISupportedInterfaceOrientations_iPhone = "UIInterfaceOrientationPortrait UIInterfaceOrientationLandscapeLeft UIInterfaceOrientationLandscapeRight";
				IPHONEOS_DEPLOYMENT_TARGET = 15.0;
				LD_RUNPATH_SEARCH_PATHS = (
					"$(inherited)",
					"@executable_path/Frameworks",
				);
				MARKETING_VERSION = 1.0;
				PRODUCT_BUNDLE_IDENTIFIER = com.herringbone.gistClient;
				PRODUCT_NAME = "$(TARGET_NAME)";
				SWIFT_EMIT_LOC_STRINGS = YES;
				SWIFT_VERSION = 5.0;
				TARGETED_DEVICE_FAMILY = 1;
			};
			name = Release;
		};
/* End XCBuildConfiguration section */

/* Begin XCConfigurationList section */
		EC8B35E62896B51E00F01FD1 /* Build configuration list for PBXProject "GistClient" */ = {
			isa = XCConfigurationList;
			buildConfigurations = (
				EC8B35FD2896B52200F01FD1 /* Debug */,
				EC8B35FE2896B52200F01FD1 /* Release */,
			);
			defaultConfigurationIsVisible = 0;
			defaultConfigurationName = Release;
		};
		EC8B35FF2896B52200F01FD1 /* Build configuration list for PBXNativeTarget "GistClient" */ = {
			isa = XCConfigurationList;
			buildConfigurations = (
				EC8B36002896B52200F01FD1 /* Debug */,
				EC8B36012896B52200F01FD1 /* Release */,
			);
			defaultConfigurationIsVisible = 0;
			defaultConfigurationName = Release;
		};
/* End XCConfigurationList section */

/* Begin XCRemoteSwiftPackageReference section */
		EC8B360B2897ED3000F01FD1 /* XCRemoteSwiftPackageReference "SnapKit" */ = {
			isa = XCRemoteSwiftPackageReference;
			repositoryURL = "https://github.com/SnapKit/SnapKit";
			requirement = {
				kind = upToNextMajorVersion;
				minimumVersion = 5.0.0;
			};
		};
		EC8B361028981CFE00F01FD1 /* XCRemoteSwiftPackageReference "Nuke" */ = {
			isa = XCRemoteSwiftPackageReference;
			repositoryURL = "https://github.com/kean/Nuke";
			requirement = {
				kind = upToNextMajorVersion;
				minimumVersion = 9.0.0;
			};
		};
/* End XCRemoteSwiftPackageReference section */

/* Begin XCSwiftPackageProductDependency section */
		EC8B360C2897ED3000F01FD1 /* SnapKit */ = {
			isa = XCSwiftPackageProductDependency;
			package = EC8B360B2897ED3000F01FD1 /* XCRemoteSwiftPackageReference "SnapKit" */;
			productName = SnapKit;
		};
		EC8B361128981CFE00F01FD1 /* Nuke */ = {
			isa = XCSwiftPackageProductDependency;
			package = EC8B361028981CFE00F01FD1 /* XCRemoteSwiftPackageReference "Nuke" */;
			productName = Nuke;
		};
/* End XCSwiftPackageProductDependency section */
	};
	rootObject = EC8B35E32896B51E00F01FD1 /* Project object */;
}
